lockfileVersion: '9.0'

settings:
  autoInstallPeers: true
  excludeLinksFromLockfile: false

importers:

  .:
    dependencies:
      '@mantine/carousel':
        specifier: ^8.3.10
        version: 8.3.10(@mantine/core@8.3.10(@mantine/hooks@8.3.10(react@19.2.3))(@types/react@19.2.7)(react-dom@19.2.3(react@19.2.3))(react@19.2.3))(@mantine/hooks@8.3.10(react@19.2.3))(embla-carousel-react@8.6.0(react@19.2.3))(embla-carousel@8.6.0)(react-dom@19.2.3(react@19.2.3))(react@19.2.3)
      '@mantine/core':
        specifier: ^8.3.10
        version: 8.3.10(@mantine/hooks@8.3.10(react@19.2.3))(@types/react@19.2.7)(react-dom@19.2.3(react@19.2.3))(react@19.2.3)
      '@mantine/hooks':
        specifier: ^8.3.10
        version: 8.3.10(react@19.2.3)
      '@tabler/icons-react':
        specifier: ^3.35.0
        version: 3.35.0(react@19.2.3)
      '@tanstack/react-query':
        specifier: ^5.90.12
        version: 5.90.12(react@19.2.3)
      embla-carousel-react:
        specifier: ^8.6.0
        version: 8.6.0(react@19.2.3)
      next:
        specifier: 16.0.10
        version: 16.0.10(react-dom@19.2.3(react@19.2.3))(react@19.2.3)
      react:
        specifier: ^19.2.3
        version: 19.2.3
      react-dom:
        specifier: ^19.2.3
        version: 19.2.3(react@19.2.3)
    devDependencies:
      '@types/node':
        specifier: ^25.0.1
        version: 25.0.1
      '@types/react':
        specifier: ^19.2.7
        version: 19.2.7
      '@types/react-dom':
        specifier: ^19.2.3
        version: 19.2.3(@types/react@19.2.7)
      postcss:
        specifier: ^8.5.6
        version: 8.5.6
      postcss-preset-mantine:
        specifier: ^1.18.0
        version: 1.18.0(postcss@8.5.6)
      postcss-simple-vars:
        specifier: ^7.0.1
        version: 7.0.1(postcss@8.5.6)
      tailwindcss:
        specifier: ^4.1.18
        version: 4.1.18
      typescript:
        specifier: ^5.9.3
        version: 5.9.3

packages:

  '@babel/runtime@7.28.4':
    resolution: {integrity: sha512-Q/N6JNWvIvPnLDvjlE1OUBLPQHH6l3CltCEsHIujp45zQUSSh8K+gHnaEX45yAT1nyngnINhvWtzN+Nb9D8RAQ==}
    engines: {node: '>=6.9.0'}

  '@emnapi/runtime@1.7.1':
    resolution: {integrity: sha512-PVtJr5CmLwYAU9PZDMITZoR5iAOShYREoR45EyyLrbntV50mdePTgUn4AmOw90Ifcj+x2kRjdzr1HP3RrNiHGA==}

  '@floating-ui/core@1.7.3':
    resolution: {integrity: sha512-sGnvb5dmrJaKEZ+LDIpguvdX3bDlEllmv4/ClQ9awcmCZrlx5jQyyMWFM5kBI+EyNOCDDiKk8il0zeuX3Zlg/w==}

  '@floating-ui/dom@1.7.4':
    resolution: {integrity: sha512-OOchDgh4F2CchOX94cRVqhvy7b3AFb+/rQXyswmzmGakRfkMgoWVjfnLWkRirfLEfuD4ysVW16eXzwt3jHIzKA==}

  '@floating-ui/react-dom@2.1.6':
    resolution: {integrity: sha512-4JX6rEatQEvlmgU80wZyq9RT96HZJa88q8hp0pBd+LrczeDI4o6uA2M+uvxngVHo4Ihr8uibXxH6+70zhAFrVw==}
    peerDependencies:
      react: '>=16.8.0'
      react-dom: '>=16.8.0'

  '@floating-ui/react@0.27.16':
    resolution: {integrity: sha512-9O8N4SeG2z++TSM8QA/KTeKFBVCNEz/AGS7gWPJf6KFRzmRWixFRnCnkPHRDwSVZW6QPDO6uT0P2SpWNKCc9/g==}
    peerDependencies:
      react: '>=17.0.0'
      react-dom: '>=17.0.0'

  '@floating-ui/utils@0.2.10':
    resolution: {integrity: sha512-aGTxbpbg8/b5JfU1HXSrbH3wXZuLPJcNEcZQFMxLs3oSzgtVu6nFPkbbGGUvBcUjKV2YyB9Wxxabo+HEH9tcRQ==}

  '@img/colour@1.0.0':
    resolution: {integrity: sha512-A5P/LfWGFSl6nsckYtjw9da+19jB8hkJ6ACTGcDfEJ0aE+l2n2El7dsVM7UVHZQ9s2lmYMWlrS21YLy2IR1LUw==}
    engines: {node: '>=18'}

  '@img/sharp-darwin-arm64@0.34.5':
    resolution: {integrity: sha512-imtQ3WMJXbMY4fxb/Ndp6HBTNVtWCUI0WdobyheGf5+ad6xX8VIDO8u2xE4qc/fr08CKG/7dDseFtn6M6g/r3w==}
    engines: {node: ^18.17.0 || ^20.3.0 || >=21.0.0}
    cpu: [arm64]
    os: [darwin]

  '@img/sharp-darwin-x64@0.34.5':
    resolution: {integrity: sha512-YNEFAF/4KQ/PeW0N+r+aVVsoIY0/qxxikF2SWdp+NRkmMB7y9LBZAVqQ4yhGCm/H3H270OSykqmQMKLBhBJDEw==}
    engines: {node: ^18.17.0 || ^20.3.0 || >=21.0.0}
    cpu: [x64]
    os: [darwin]

  '@img/sharp-libvips-darwin-arm64@1.2.4':
    resolution: {integrity: sha512-zqjjo7RatFfFoP0MkQ51jfuFZBnVE2pRiaydKJ1G/rHZvnsrHAOcQALIi9sA5co5xenQdTugCvtb1cuf78Vf4g==}
    cpu: [arm64]
    os: [darwin]

  '@img/sharp-libvips-darwin-x64@1.2.4':
    resolution: {integrity: sha512-1IOd5xfVhlGwX+zXv2N93k0yMONvUlANylbJw1eTah8K/Jtpi15KC+WSiaX/nBmbm2HxRM1gZ0nSdjSsrZbGKg==}
    cpu: [x64]
    os: [darwin]

  '@img/sharp-libvips-linux-arm64@1.2.4':
    resolution: {integrity: sha512-excjX8DfsIcJ10x1Kzr4RcWe1edC9PquDRRPx3YVCvQv+U5p7Yin2s32ftzikXojb1PIFc/9Mt28/y+iRklkrw==}
    cpu: [arm64]
    os: [linux]

  '@img/sharp-libvips-linux-arm@1.2.4':
    resolution: {integrity: sha512-bFI7xcKFELdiNCVov8e44Ia4u2byA+l3XtsAj+Q8tfCwO6BQ8iDojYdvoPMqsKDkuoOo+X6HZA0s0q11ANMQ8A==}
    cpu: [arm]
    os: [linux]

  '@img/sharp-libvips-linux-ppc64@1.2.4':
    resolution: {integrity: sha512-FMuvGijLDYG6lW+b/UvyilUWu5Ayu+3r2d1S8notiGCIyYU/76eig1UfMmkZ7vwgOrzKzlQbFSuQfgm7GYUPpA==}
    cpu: [ppc64]
    os: [linux]

  '@img/sharp-libvips-linux-riscv64@1.2.4':
    resolution: {integrity: sha512-oVDbcR4zUC0ce82teubSm+x6ETixtKZBh/qbREIOcI3cULzDyb18Sr/Wcyx7NRQeQzOiHTNbZFF1UwPS2scyGA==}
    cpu: [riscv64]
    os: [linux]

  '@img/sharp-libvips-linux-s390x@1.2.4':
    resolution: {integrity: sha512-qmp9VrzgPgMoGZyPvrQHqk02uyjA0/QrTO26Tqk6l4ZV0MPWIW6LTkqOIov+J1yEu7MbFQaDpwdwJKhbJvuRxQ==}
    cpu: [s390x]
    os: [linux]

  '@img/sharp-libvips-linux-x64@1.2.4':
    resolution: {integrity: sha512-tJxiiLsmHc9Ax1bz3oaOYBURTXGIRDODBqhveVHonrHJ9/+k89qbLl0bcJns+e4t4rvaNBxaEZsFtSfAdquPrw==}
    cpu: [x64]
    os: [linux]

  '@img/sharp-libvips-linuxmusl-arm64@1.2.4':
    resolution: {integrity: sha512-FVQHuwx1IIuNow9QAbYUzJ+En8KcVm9Lk5+uGUQJHaZmMECZmOlix9HnH7n1TRkXMS0pGxIJokIVB9SuqZGGXw==}
    cpu: [arm64]
    os: [linux]

  '@img/sharp-libvips-linuxmusl-x64@1.2.4':
    resolution: {integrity: sha512-+LpyBk7L44ZIXwz/VYfglaX/okxezESc6UxDSoyo2Ks6Jxc4Y7sGjpgU9s4PMgqgjj1gZCylTieNamqA1MF7Dg==}
    cpu: [x64]
    os: [linux]

  '@img/sharp-linux-arm64@0.34.5':
    resolution: {integrity: sha512-bKQzaJRY/bkPOXyKx5EVup7qkaojECG6NLYswgktOZjaXecSAeCWiZwwiFf3/Y+O1HrauiE3FVsGxFg8c24rZg==}
    engines: {node: ^18.17.0 || ^20.3.0 || >=21.0.0}
    cpu: [arm64]
    os: [linux]

  '@img/sharp-linux-arm@0.34.5':
    resolution: {integrity: sha512-9dLqsvwtg1uuXBGZKsxem9595+ujv0sJ6Vi8wcTANSFpwV/GONat5eCkzQo/1O6zRIkh0m/8+5BjrRr7jDUSZw==}
    engines: {node: ^18.17.0 || ^20.3.0 || >=21.0.0}
    cpu: [arm]
    os: [linux]

  '@img/sharp-linux-ppc64@0.34.5':
    resolution: {integrity: sha512-7zznwNaqW6YtsfrGGDA6BRkISKAAE1Jo0QdpNYXNMHu2+0dTrPflTLNkpc8l7MUP5M16ZJcUvysVWWrMefZquA==}
    engines: {node: ^18.17.0 || ^20.3.0 || >=21.0.0}
    cpu: [ppc64]
    os: [linux]

  '@img/sharp-linux-riscv64@0.34.5':
    resolution: {integrity: sha512-51gJuLPTKa7piYPaVs8GmByo7/U7/7TZOq+cnXJIHZKavIRHAP77e3N2HEl3dgiqdD/w0yUfiJnII77PuDDFdw==}
    engines: {node: ^18.17.0 || ^20.3.0 || >=21.0.0}
    cpu: [riscv64]
    os: [linux]

  '@img/sharp-linux-s390x@0.34.5':
    resolution: {integrity: sha512-nQtCk0PdKfho3eC5MrbQoigJ2gd1CgddUMkabUj+rBevs8tZ2cULOx46E7oyX+04WGfABgIwmMC0VqieTiR4jg==}
    engines: {node: ^18.17.0 || ^20.3.0 || >=21.0.0}
    cpu: [s390x]
    os: [linux]

  '@img/sharp-linux-x64@0.34.5':
    resolution: {integrity: sha512-MEzd8HPKxVxVenwAa+JRPwEC7QFjoPWuS5NZnBt6B3pu7EG2Ge0id1oLHZpPJdn3OQK+BQDiw9zStiHBTJQQQQ==}
    engines: {node: ^18.17.0 || ^20.3.0 || >=21.0.0}
    cpu: [x64]
    os: [linux]

  '@img/sharp-linuxmusl-arm64@0.34.5':
    resolution: {integrity: sha512-fprJR6GtRsMt6Kyfq44IsChVZeGN97gTD331weR1ex1c1rypDEABN6Tm2xa1wE6lYb5DdEnk03NZPqA7Id21yg==}
    engines: {node: ^18.17.0 || ^20.3.0 || >=21.0.0}
    cpu: [arm64]
    os: [linux]

  '@img/sharp-linuxmusl-x64@0.34.5':
    resolution: {integrity: sha512-Jg8wNT1MUzIvhBFxViqrEhWDGzqymo3sV7z7ZsaWbZNDLXRJZoRGrjulp60YYtV4wfY8VIKcWidjojlLcWrd8Q==}
    engines: {node: ^18.17.0 || ^20.3.0 || >=21.0.0}
    cpu: [x64]
    os: [linux]

  '@img/sharp-wasm32@0.34.5':
    resolution: {integrity: sha512-OdWTEiVkY2PHwqkbBI8frFxQQFekHaSSkUIJkwzclWZe64O1X4UlUjqqqLaPbUpMOQk6FBu/HtlGXNblIs0huw==}
    engines: {node: ^18.17.0 || ^20.3.0 || >=21.0.0}
    cpu: [wasm32]

  '@img/sharp-win32-arm64@0.34.5':
    resolution: {integrity: sha512-WQ3AgWCWYSb2yt+IG8mnC6Jdk9Whs7O0gxphblsLvdhSpSTtmu69ZG1Gkb6NuvxsNACwiPV6cNSZNzt0KPsw7g==}
    engines: {node: ^18.17.0 || ^20.3.0 || >=21.0.0}
    cpu: [arm64]
    os: [win32]

  '@img/sharp-win32-ia32@0.34.5':
    resolution: {integrity: sha512-FV9m/7NmeCmSHDD5j4+4pNI8Cp3aW+JvLoXcTUo0IqyjSfAZJ8dIUmijx1qaJsIiU+Hosw6xM5KijAWRJCSgNg==}
    engines: {node: ^18.17.0 || ^20.3.0 || >=21.0.0}
    cpu: [ia32]
    os: [win32]

  '@img/sharp-win32-x64@0.34.5':
    resolution: {integrity: sha512-+29YMsqY2/9eFEiW93eqWnuLcWcufowXewwSNIT6UwZdUUCrM3oFjMWH/Z6/TMmb4hlFenmfAVbpWeup2jryCw==}
    engines: {node: ^18.17.0 || ^20.3.0 || >=21.0.0}
    cpu: [x64]
    os: [win32]

  '@mantine/carousel@8.3.10':
    resolution: {integrity: sha512-EyUgsIORa3ZozJNDr3Z4k2Wate5+2Ylmi7G+aF48nwrkl2JxPfqM98SVSlvshY3swQqHRSC+pxQUXz+7mlhybw==}
    peerDependencies:
      '@mantine/core': 8.3.10
      '@mantine/hooks': 8.3.10
      embla-carousel: '>=8.0.0'
      embla-carousel-react: '>=8.0.0'
      react: ^18.x || ^19.x
      react-dom: ^18.x || ^19.x

  '@mantine/core@8.3.10':
    resolution: {integrity: sha512-aKQFETN14v6GtM07b/G5yJneMM1yrgf9mNrTah6GVy5DvQM0AeutITT7toHqh5gxxwzdg/DoY+HQsv5zhqnc5g==}
    peerDependencies:
      '@mantine/hooks': 8.3.10
      react: ^18.x || ^19.x
      react-dom: ^18.x || ^19.x

  '@mantine/hooks@8.3.10':
    resolution: {integrity: sha512-bv+yYHl+keTIvakiDzVJMIjW+o8/Px0G3EdpCMFG+U2ux6SwQqluqoq+/kqrTtT6RaLvQ0fMxjpIULF2cu/xAg==}
    peerDependencies:
      react: ^18.x || ^19.x

  '@next/env@16.0.10':
    resolution: {integrity: sha512-8tuaQkyDVgeONQ1MeT9Mkk8pQmZapMKFh5B+OrFUlG3rVmYTXcXlBetBgTurKXGaIZvkoqRT9JL5K3phXcgang==}

  '@next/swc-darwin-arm64@16.0.10':
    resolution: {integrity: sha512-4XgdKtdVsaflErz+B5XeG0T5PeXKDdruDf3CRpnhN+8UebNa5N2H58+3GDgpn/9GBurrQ1uWW768FfscwYkJRg==}
    engines: {node: '>= 10'}
    cpu: [arm64]
    os: [darwin]

  '@next/swc-darwin-x64@16.0.10':
    resolution: {integrity: sha512-spbEObMvRKkQ3CkYVOME+ocPDFo5UqHb8EMTS78/0mQ+O1nqE8toHJVioZo4TvebATxgA8XMTHHrScPrn68OGw==}
    engines: {node: '>= 10'}
    cpu: [x64]
    os: [darwin]

  '@next/swc-linux-arm64-gnu@16.0.10':
    resolution: {integrity: sha512-uQtWE3X0iGB8apTIskOMi2w/MKONrPOUCi5yLO+v3O8Mb5c7K4Q5KD1jvTpTF5gJKa3VH/ijKjKUq9O9UhwOYw==}
    engines: {node: '>= 10'}
    cpu: [arm64]
    os: [linux]

  '@next/swc-linux-arm64-musl@16.0.10':
    resolution: {integrity: sha512-llA+hiDTrYvyWI21Z0L1GiXwjQaanPVQQwru5peOgtooeJ8qx3tlqRV2P7uH2pKQaUfHxI/WVarvI5oYgGxaTw==}
    engines: {node: '>= 10'}
    cpu: [arm64]
    os: [linux]

  '@next/swc-linux-x64-gnu@16.0.10':
    resolution: {integrity: sha512-AK2q5H0+a9nsXbeZ3FZdMtbtu9jxW4R/NgzZ6+lrTm3d6Zb7jYrWcgjcpM1k8uuqlSy4xIyPR2YiuUr+wXsavA==}
    engines: {node: '>= 10'}
    cpu: [x64]
    os: [linux]

  '@next/swc-linux-x64-musl@16.0.10':
    resolution: {integrity: sha512-1TDG9PDKivNw5550S111gsO4RGennLVl9cipPhtkXIFVwo31YZ73nEbLjNC8qG3SgTz/QZyYyaFYMeY4BKZR/g==}
    engines: {node: '>= 10'}
    cpu: [x64]
    os: [linux]

  '@next/swc-win32-arm64-msvc@16.0.10':
    resolution: {integrity: sha512-aEZIS4Hh32xdJQbHz121pyuVZniSNoqDVx1yIr2hy+ZwJGipeqnMZBJHyMxv2tiuAXGx6/xpTcQJ6btIiBjgmg==}
    engines: {node: '>= 10'}
    cpu: [arm64]
    os: [win32]

  '@next/swc-win32-x64-msvc@16.0.10':
    resolution: {integrity: sha512-E+njfCoFLb01RAFEnGZn6ERoOqhK1Gl3Lfz1Kjnj0Ulfu7oJbuMyvBKNj/bw8XZnenHDASlygTjZICQW+rYW1Q==}
    engines: {node: '>= 10'}
    cpu: [x64]
    os: [win32]

  '@swc/helpers@0.5.15':
    resolution: {integrity: sha512-JQ5TuMi45Owi4/BIMAJBoSQoOJu12oOk/gADqlcUL9JEdHB8vyjUSsxqeNXnmXHjYKMi2WcYtezGEEhqUI/E2g==}

  '@tabler/icons-react@3.35.0':
    resolution: {integrity: sha512-XG7t2DYf3DyHT5jxFNp5xyLVbL4hMJYJhiSdHADzAjLRYfL7AnjlRfiHDHeXxkb2N103rEIvTsBRazxXtAUz2g==}
    peerDependencies:
      react: '>= 16'

  '@tabler/icons@3.35.0':
    resolution: {integrity: sha512-yYXe+gJ56xlZFiXwV9zVoe3FWCGuZ/D7/G4ZIlDtGxSx5CGQK110wrnT29gUj52kEZoxqF7oURTk97GQxELOFQ==}

  '@tanstack/query-core@5.90.12':
    resolution: {integrity: sha512-T1/8t5DhV/SisWjDnaiU2drl6ySvsHj1bHBCWNXd+/T+Hh1cf6JodyEYMd5sgwm+b/mETT4EV3H+zCVczCU5hg==}

  '@tanstack/react-query@5.90.12':
    resolution: {integrity: sha512-graRZspg7EoEaw0a8faiUASCyJrqjKPdqJ9EwuDRUF9mEYJ1YPczI9H+/agJ0mOJkPCJDk0lsz5QTrLZ/jQ2rg==}
    peerDependencies:
      react: ^18 || ^19

  '@types/node@25.0.1':
    resolution: {integrity: sha512-czWPzKIAXucn9PtsttxmumiQ9N0ok9FrBwgRWrwmVLlp86BrMExzvXRLFYRJ+Ex3g6yqj+KuaxfX1JTgV2lpfg==}

  '@types/react-dom@19.2.3':
    resolution: {integrity: sha512-jp2L/eY6fn+KgVVQAOqYItbF0VY/YApe5Mz2F0aykSO8gx31bYCZyvSeYxCHKvzHG5eZjc+zyaS5BrBWya2+kQ==}
    peerDependencies:
      '@types/react': ^19.2.0

  '@types/react@19.2.7':
    resolution: {integrity: sha512-MWtvHrGZLFttgeEj28VXHxpmwYbor/ATPYbBfSFZEIRK0ecCFLl2Qo55z52Hss+UV9CRN7trSeq1zbgx7YDWWg==}

  camelcase-css@2.0.1:
    resolution: {integrity: sha512-QOSvevhslijgYwRx6Rv7zKdMF8lbRmx+uQGx2+vDc+KI/eBnsy9kit5aj23AgGu3pa4t9AgwbnXWqS+iOY+2aA==}
    engines: {node: '>= 6'}

  caniuse-lite@1.0.30001760:
    resolution: {integrity: sha512-7AAMPcueWELt1p3mi13HR/LHH0TJLT11cnwDJEs3xA4+CK/PLKeO9Kl1oru24htkyUKtkGCvAx4ohB0Ttry8Dw==}

  client-only@0.0.1:
    resolution: {integrity: sha512-IV3Ou0jSMzZrd3pZ48nLkT9DA7Ag1pnPzaiQhpW7c3RbcqqzvzzVu+L8gfqMp/8IM2MQtSiqaCxrrcfu8I8rMA==}

  clsx@2.1.1:
    resolution: {integrity: sha512-eYm0QWBtUrBWZWG0d386OGAw16Z995PiOVo2B7bjWSbHedGl5e0ZWaq65kOGgUSNesEIDkB9ISbTg/JK9dhCZA==}
    engines: {node: '>=6'}

  cssesc@3.0.0:
    resolution: {integrity: sha512-/Tb/JcjK111nNScGob5MNtsntNM1aCNUDipB/TkwZFhyDrrE47SOx/18wF2bbjgc3ZzCSKW1T5nt5EbFoAz/Vg==}
    engines: {node: '>=4'}
    hasBin: true

  csstype@3.2.3:
    resolution: {integrity: sha512-z1HGKcYy2xA8AGQfwrn0PAy+PB7X/GSj3UVJW9qKyn43xWa+gl5nXmU4qqLMRzWVLFC8KusUX8T/0kCiOYpAIQ==}

  detect-libc@2.1.2:
    resolution: {integrity: sha512-Btj2BOOO83o3WyH59e8MgXsxEQVcarkUOpEYrubB0urwnN10yQ364rsiByU11nZlqWYZm05i/of7io4mzihBtQ==}
    engines: {node: '>=8'}

  detect-node-es@1.1.0:
    resolution: {integrity: sha512-ypdmJU/TbBby2Dxibuv7ZLW3Bs1QEmM7nHjEANfohJLvE0XVujisn1qPJcZxg+qDucsr+bP6fLD1rPS3AhJ7EQ==}

  embla-carousel-react@8.6.0:
    resolution: {integrity: sha512-0/PjqU7geVmo6F734pmPqpyHqiM99olvyecY7zdweCw+6tKEXnrE90pBiBbMMU8s5tICemzpQ3hi5EpxzGW+JA==}
    peerDependencies:
      react: ^16.8.0 || ^17.0.1 || ^18.0.0 || ^19.0.0 || ^19.0.0-rc

  embla-carousel-reactive-utils@8.6.0:
    resolution: {integrity: sha512-fMVUDUEx0/uIEDM0Mz3dHznDhfX+znCCDCeIophYb1QGVM7YThSWX+wz11zlYwWFOr74b4QLGg0hrGPJeG2s4A==}
    peerDependencies:
      embla-carousel: 8.6.0

  embla-carousel@8.6.0:
    resolution: {integrity: sha512-SjWyZBHJPbqxHOzckOfo8lHisEaJWmwd23XppYFYVh10bU66/Pn5tkVkbkCMZVdbUE5eTCI2nD8OyIP4Z+uwkA==}

  fdir@6.5.0:
    resolution: {integrity: sha512-tIbYtZbucOs0BRGqPJkshJUYdL+SDH7dVM8gjy+ERp3WAUjLEFJE+02kanyHtwjWOnwrKYBiwAmM0p4kLJAnXg==}
    engines: {node: '>=12.0.0'}
    peerDependencies:
      picomatch: ^3 || ^4
    peerDependenciesMeta:
      picomatch:
        optional: true

  get-nonce@1.0.1:
    resolution: {integrity: sha512-FJhYRoDaiatfEkUK8HKlicmu/3SGFD51q3itKDGoSTysQJBnfOcxU5GxnhE1E6soB76MbT0MBtnKJuXyAx+96Q==}
    engines: {node: '>=6'}

  nanoid@3.3.11:
    resolution: {integrity: sha512-N8SpfPUnUp1bK+PMYW8qSWdl9U+wwNWI4QKxOYDy9JAro3WMX7p2OeVRF9v+347pnakNevPmiHhNmZ2HbFA76w==}
    engines: {node: ^10 || ^12 || ^13.7 || ^14 || >=15.0.1}
    hasBin: true

  next@16.0.10:
    resolution: {integrity: sha512-RtWh5PUgI+vxlV3HdR+IfWA1UUHu0+Ram/JBO4vWB54cVPentCD0e+lxyAYEsDTqGGMg7qpjhKh6dc6aW7W/sA==}
    engines: {node: '>=20.9.0'}
    hasBin: true
    peerDependencies:
      '@opentelemetry/api': ^1.1.0
      '@playwright/test': ^1.51.1
      babel-plugin-react-compiler: '*'
      react: ^18.2.0 || 19.0.0-rc-de68d2f4-20241204 || ^19.0.0
      react-dom: ^18.2.0 || 19.0.0-rc-de68d2f4-20241204 || ^19.0.0
      sass: ^1.3.0
    peerDependenciesMeta:
      '@opentelemetry/api':
        optional: true
      '@playwright/test':
        optional: true
      babel-plugin-react-compiler:
        optional: true
      sass:
        optional: true

  picocolors@1.1.1:
    resolution: {integrity: sha512-xceH2snhtb5M9liqDsmEw56le376mTZkEX/jEb/RxNFyegNul7eNslCXP9FDj/Lcu0X8KEyMceP2ntpaHrDEVA==}

  picomatch@4.0.3:
    resolution: {integrity: sha512-5gTmgEY/sqK6gFXLIsQNH19lWb4ebPDLA4SdLP7dsWkIXHWlG66oPuVvXSGFPppYZz8ZDZq0dYYrbHfBCVUb1Q==}
    engines: {node: '>=12'}

  postcss-js@4.1.0:
    resolution: {integrity: sha512-oIAOTqgIo7q2EOwbhb8UalYePMvYoIeRY2YKntdpFQXNosSu3vLrniGgmH9OKs/qAkfoj5oB3le/7mINW1LCfw==}
    engines: {node: ^12 || ^14 || >= 16}
    peerDependencies:
      postcss: ^8.4.21

  postcss-mixins@12.1.2:
    resolution: {integrity: sha512-90pSxmZVfbX9e5xCv7tI5RV1mnjdf16y89CJKbf/hD7GyOz1FCxcYMl8ZYA8Hc56dbApTKKmU9HfvgfWdCxlwg==}
    engines: {node: ^20.0 || ^22.0 || >=24.0}
    peerDependencies:
      postcss: ^8.2.14

  postcss-nested@7.0.2:
    resolution: {integrity: sha512-5osppouFc0VR9/VYzYxO03VaDa3e8F23Kfd6/9qcZTUI8P58GIYlArOET2Wq0ywSl2o2PjELhYOFI4W7l5QHKw==}
    engines: {node: '>=18.0'}
    peerDependencies:
      postcss: ^8.2.14

  postcss-preset-mantine@1.18.0:
    resolution: {integrity: sha512-sP6/s1oC7cOtBdl4mw/IRKmKvYTuzpRrH/vT6v9enMU/EQEQ31eQnHcWtFghOXLH87AAthjL/Q75rLmin1oZoA==}
    peerDependencies:
      postcss: '>=8.0.0'

  postcss-selector-parser@7.1.1:
    resolution: {integrity: sha512-orRsuYpJVw8LdAwqqLykBj9ecS5/cRHlI5+nvTo8LcCKmzDmqVORXtOIYEEQuL9D4BxtA1lm5isAqzQZCoQ6Eg==}
    engines: {node: '>=4'}

  postcss-simple-vars@7.0.1:
    resolution: {integrity: sha512-5GLLXaS8qmzHMOjVxqkk1TZPf1jMqesiI7qLhnlyERalG0sMbHIbJqrcnrpmZdKCLglHnRHoEBB61RtGTsj++A==}
    engines: {node: '>=14.0'}
    peerDependencies:
      postcss: ^8.2.1

  postcss@8.4.31:
    resolution: {integrity: sha512-PS08Iboia9mts/2ygV3eLpY5ghnUcfLV/EXTOW1E2qYxJKGGBUtNjN76FYHnMs36RmARn41bC0AZmn+rR0OVpQ==}
    engines: {node: ^10 || ^12 || >=14}

  postcss@8.5.6:
    resolution: {integrity: sha512-3Ybi1tAuwAP9s0r1UQ2J4n5Y0G05bJkpUIO0/bI9MhwmD70S5aTWbXGBwxHrelT+XM1k6dM0pk+SwNkpTRN7Pg==}
    engines: {node: ^10 || ^12 || >=14}

  react-dom@19.2.3:
    resolution: {integrity: sha512-yELu4WmLPw5Mr/lmeEpox5rw3RETacE++JgHqQzd2dg+YbJuat3jH4ingc+WPZhxaoFzdv9y33G+F7Nl5O0GBg==}
    peerDependencies:
      react: ^19.2.3

  react-number-format@5.4.4:
    resolution: {integrity: sha512-wOmoNZoOpvMminhifQYiYSTCLUDOiUbBunrMrMjA+dV52sY+vck1S4UhR6PkgnoCquvvMSeJjErXZ4qSaWCliA==}
    peerDependencies:
      react: ^0.14 || ^15.0.0 || ^16.0.0 || ^17.0.0 || ^18.0.0 || ^19.0.0
      react-dom: ^0.14 || ^15.0.0 || ^16.0.0 || ^17.0.0 || ^18.0.0 || ^19.0.0

  react-remove-scroll-bar@2.3.8:
    resolution: {integrity: sha512-9r+yi9+mgU33AKcj6IbT9oRCO78WriSj6t/cF8DWBZJ9aOGPOTEDvdUDz1FwKim7QXWwmHqtdHnRJfhAxEG46Q==}
    engines: {node: '>=10'}
    peerDependencies:
      '@types/react': '*'
      react: ^16.8.0 || ^17.0.0 || ^18.0.0 || ^19.0.0
    peerDependenciesMeta:
      '@types/react':
        optional: true

  react-remove-scroll@2.7.2:
    resolution: {integrity: sha512-Iqb9NjCCTt6Hf+vOdNIZGdTiH1QSqr27H/Ek9sv/a97gfueI/5h1s3yRi1nngzMUaOOToin5dI1dXKdXiF+u0Q==}
    engines: {node: '>=10'}
    peerDependencies:
      '@types/react': '*'
      react: ^16.8.0 || ^17.0.0 || ^18.0.0 || ^19.0.0 || ^19.0.0-rc
    peerDependenciesMeta:
      '@types/react':
        optional: true

  react-style-singleton@2.2.3:
    resolution: {integrity: sha512-b6jSvxvVnyptAiLjbkWLE/lOnR4lfTtDAl+eUC7RZy+QQWc6wRzIV2CE6xBuMmDxc2qIihtDCZD5NPOFl7fRBQ==}
    engines: {node: '>=10'}
    peerDependencies:
      '@types/react': '*'
      react: ^16.8.0 || ^17.0.0 || ^18.0.0 || ^19.0.0 || ^19.0.0-rc
    peerDependenciesMeta:
      '@types/react':
        optional: true

  react-textarea-autosize@8.5.9:
    resolution: {integrity: sha512-U1DGlIQN5AwgjTyOEnI1oCcMuEr1pv1qOtklB2l4nyMGbHzWrI0eFsYK0zos2YWqAolJyG0IWJaqWmWj5ETh0A==}
    engines: {node: '>=10'}
    peerDependencies:
      react: ^16.8.0 || ^17.0.0 || ^18.0.0 || ^19.0.0

  react@19.2.3:
    resolution: {integrity: sha512-Ku/hhYbVjOQnXDZFv2+RibmLFGwFdeeKHFcOTlrt7xplBnya5OGn/hIRDsqDiSUcfORsDC7MPxwork8jBwsIWA==}
    engines: {node: '>=0.10.0'}

  scheduler@0.27.0:
    resolution: {integrity: sha512-eNv+WrVbKu1f3vbYJT/xtiF5syA5HPIMtf9IgY/nKg0sWqzAUEvqY/xm7OcZc/qafLx/iO9FgOmeSAp4v5ti/Q==}

  semver@7.7.3:
    resolution: {integrity: sha512-SdsKMrI9TdgjdweUSR9MweHA4EJ8YxHn8DFaDisvhVlUOe4BF1tLD7GAj0lIqWVl+dPb/rExr0Btby5loQm20Q==}
    engines: {node: '>=10'}
    hasBin: true

  sharp@0.34.5:
    resolution: {integrity: sha512-Ou9I5Ft9WNcCbXrU9cMgPBcCK8LiwLqcbywW3t4oDV37n1pzpuNLsYiAV8eODnjbtQlSDwZ2cUEeQz4E54Hltg==}
    engines: {node: ^18.17.0 || ^20.3.0 || >=21.0.0}

  source-map-js@1.2.1:
    resolution: {integrity: sha512-UXWMKhLOwVKb728IUtQPXxfYU+usdybtUrK/8uGE8CQMvrhOpwvzDBwj0QhSL7MQc7vIsISBG8VQ8+IDQxpfQA==}
    engines: {node: '>=0.10.0'}

  styled-jsx@5.1.6:
    resolution: {integrity: sha512-qSVyDTeMotdvQYoHWLNGwRFJHC+i+ZvdBRYosOFgC+Wg1vx4frN2/RG/NA7SYqqvKNLf39P2LSRA2pu6n0XYZA==}
    engines: {node: '>= 12.0.0'}
    peerDependencies:
      '@babel/core': '*'
      babel-plugin-macros: '*'
      react: '>= 16.8.0 || 17.x.x || ^18.0.0-0 || ^19.0.0-0'
    peerDependenciesMeta:
      '@babel/core':
        optional: true
      babel-plugin-macros:
        optional: true

  sugarss@5.0.1:
    resolution: {integrity: sha512-ctS5RYCBVvPoZAnzIaX5QSShK8ZiZxD5HUqSxlusvEMC+QZQIPCPOIJg6aceFX+K2rf4+SH89eu++h1Zmsr2nw==}
    engines: {node: '>=18.0'}
    peerDependencies:
      postcss: ^8.3.3

  tabbable@6.3.0:
    resolution: {integrity: sha512-EIHvdY5bPLuWForiR/AN2Bxngzpuwn1is4asboytXtpTgsArc+WmSJKVLlhdh71u7jFcryDqB2A8lQvj78MkyQ==}

  tailwindcss@4.1.18:
    resolution: {integrity: sha512-4+Z+0yiYyEtUVCScyfHCxOYP06L5Ne+JiHhY2IjR2KWMIWhJOYZKLSGZaP5HkZ8+bY0cxfzwDE5uOmzFXyIwxw==}

  tinyglobby@0.2.15:
    resolution: {integrity: sha512-j2Zq4NyQYG5XMST4cbs02Ak8iJUdxRM0XI5QyxXuZOzKOINmWurp3smXu3y5wDcJrptwpSjgXHzIQxR0omXljQ==}
    engines: {node: '>=12.0.0'}

  tslib@2.8.1:
    resolution: {integrity: sha512-oJFu94HQb+KVduSUQL7wnpmqnfmLsOA/nAh6b6EH0wCEoK0/mPeXU6c3wKDV83MkOuHPRHtSXKKU99IBazS/2w==}

  type-fest@4.41.0:
    resolution: {integrity: sha512-TeTSQ6H5YHvpqVwBRcnLDCBnDOHWYu7IvGbHT6N8AOymcr9PJGjc1GTtiWZTYg0NCgYwvnYWEkVChQAr9bjfwA==}
    engines: {node: '>=16'}

  typescript@5.9.3:
    resolution: {integrity: sha512-jl1vZzPDinLr9eUt3J/t7V6FgNEw9QjvBPdysz9KfQDD41fQrC2Y4vKQdiaUpFT4bXlb1RHhLpp8wtm6M5TgSw==}
    engines: {node: '>=14.17'}
    hasBin: true

  undici-types@7.16.0:
    resolution: {integrity: sha512-Zz+aZWSj8LE6zoxD+xrjh4VfkIG8Ya6LvYkZqtUQGJPZjYl53ypCaUwWqo7eI0x66KBGeRo+mlBEkMSeSZ38Nw==}

  use-callback-ref@1.3.3:
    resolution: {integrity: sha512-jQL3lRnocaFtu3V00JToYz/4QkNWswxijDaCVNZRiRTO3HQDLsdu1ZtmIUvV4yPp+rvWm5j0y0TG/S61cuijTg==}
    engines: {node: '>=10'}
    peerDependencies:
      '@types/react': '*'
      react: ^16.8.0 || ^17.0.0 || ^18.0.0 || ^19.0.0 || ^19.0.0-rc
    peerDependenciesMeta:
      '@types/react':
        optional: true

  use-composed-ref@1.4.0:
    resolution: {integrity: sha512-djviaxuOOh7wkj0paeO1Q/4wMZ8Zrnag5H6yBvzN7AKKe8beOaED9SF5/ByLqsku8NP4zQqsvM2u3ew/tJK8/w==}
    peerDependencies:
      '@types/react': '*'
      react: ^16.8.0 || ^17.0.0 || ^18.0.0 || ^19.0.0
    peerDependenciesMeta:
      '@types/react':
        optional: true

  use-isomorphic-layout-effect@1.2.1:
    resolution: {integrity: sha512-tpZZ+EX0gaghDAiFR37hj5MgY6ZN55kLiPkJsKxBMZ6GZdOSPJXiOzPM984oPYZ5AnehYx5WQp1+ME8I/P/pRA==}
    peerDependencies:
      '@types/react': '*'
      react: ^16.8.0 || ^17.0.0 || ^18.0.0 || ^19.0.0
    peerDependenciesMeta:
      '@types/react':
        optional: true

  use-latest@1.3.0:
    resolution: {integrity: sha512-mhg3xdm9NaM8q+gLT8KryJPnRFOz1/5XPBhmDEVZK1webPzDjrPk7f/mbpeLqTgB9msytYWANxgALOCJKnLvcQ==}
    peerDependencies:
      '@types/react': '*'
      react: ^16.8.0 || ^17.0.0 || ^18.0.0 || ^19.0.0
    peerDependenciesMeta:
      '@types/react':
        optional: true

  use-sidecar@1.1.3:
    resolution: {integrity: sha512-Fedw0aZvkhynoPYlA5WXrMCAMm+nSWdZt6lzJQ7Ok8S6Q+VsHmHpRWndVRJ8Be0ZbkfPc5LRYH+5XrzXcEeLRQ==}
    engines: {node: '>=10'}
    peerDependencies:
      '@types/react': '*'
      react: ^16.8.0 || ^17.0.0 || ^18.0.0 || ^19.0.0 || ^19.0.0-rc
    peerDependenciesMeta:
      '@types/react':
        optional: true

  util-deprecate@1.0.2:
    resolution: {integrity: sha512-EPD5q1uXyFxJpCrLnCc1nHnq3gOa6DZBocAIiI2TaSCA7VCJ1UJDMagCzIkXNsUYfD1daK//LTEQ8xiIbrHtcw==}

snapshots:

  '@babel/runtime@7.28.4': {}

  '@emnapi/runtime@1.7.1':
    dependencies:
      tslib: 2.8.1
    optional: true

  '@floating-ui/core@1.7.3':
    dependencies:
      '@floating-ui/utils': 0.2.10

  '@floating-ui/dom@1.7.4':
    dependencies:
      '@floating-ui/core': 1.7.3
      '@floating-ui/utils': 0.2.10

  '@floating-ui/react-dom@2.1.6(react-dom@19.2.3(react@19.2.3))(react@19.2.3)':
    dependencies:
      '@floating-ui/dom': 1.7.4
      react: 19.2.3
      react-dom: 19.2.3(react@19.2.3)

  '@floating-ui/react@0.27.16(react-dom@19.2.3(react@19.2.3))(react@19.2.3)':
    dependencies:
      '@floating-ui/react-dom': 2.1.6(react-dom@19.2.3(react@19.2.3))(react@19.2.3)
      '@floating-ui/utils': 0.2.10
      react: 19.2.3
      react-dom: 19.2.3(react@19.2.3)
      tabbable: 6.3.0

  '@floating-ui/utils@0.2.10': {}

  '@img/colour@1.0.0':
    optional: true

  '@img/sharp-darwin-arm64@0.34.5':
    optionalDependencies:
      '@img/sharp-libvips-darwin-arm64': 1.2.4
    optional: true

  '@img/sharp-darwin-x64@0.34.5':
    optionalDependencies:
      '@img/sharp-libvips-darwin-x64': 1.2.4
    optional: true

  '@img/sharp-libvips-darwin-arm64@1.2.4':
    optional: true

  '@img/sharp-libvips-darwin-x64@1.2.4':
    optional: true

  '@img/sharp-libvips-linux-arm64@1.2.4':
    optional: true

  '@img/sharp-libvips-linux-arm@1.2.4':
    optional: true

  '@img/sharp-libvips-linux-ppc64@1.2.4':
    optional: true

  '@img/sharp-libvips-linux-riscv64@1.2.4':
    optional: true

  '@img/sharp-libvips-linux-s390x@1.2.4':
    optional: true

  '@img/sharp-libvips-linux-x64@1.2.4':
    optional: true

  '@img/sharp-libvips-linuxmusl-arm64@1.2.4':
    optional: true

  '@img/sharp-libvips-linuxmusl-x64@1.2.4':
    optional: true

  '@img/sharp-linux-arm64@0.34.5':
    optionalDependencies:
      '@img/sharp-libvips-linux-arm64': 1.2.4
    optional: true

  '@img/sharp-linux-arm@0.34.5':
    optionalDependencies:
      '@img/sharp-libvips-linux-arm': 1.2.4
    optional: true

  '@img/sharp-linux-ppc64@0.34.5':
    optionalDependencies:
      '@img/sharp-libvips-linux-ppc64': 1.2.4
    optional: true

  '@img/sharp-linux-riscv64@0.34.5':
    optionalDependencies:
      '@img/sharp-libvips-linux-riscv64': 1.2.4
    optional: true

  '@img/sharp-linux-s390x@0.34.5':
    optionalDependencies:
      '@img/sharp-libvips-linux-s390x': 1.2.4
    optional: true

  '@img/sharp-linux-x64@0.34.5':
    optionalDependencies:
      '@img/sharp-libvips-linux-x64': 1.2.4
    optional: true

  '@img/sharp-linuxmusl-arm64@0.34.5':
    optionalDependencies:
      '@img/sharp-libvips-linuxmusl-arm64': 1.2.4
    optional: true

  '@img/sharp-linuxmusl-x64@0.34.5':
    optionalDependencies:
      '@img/sharp-libvips-linuxmusl-x64': 1.2.4
    optional: true

  '@img/sharp-wasm32@0.34.5':
    dependencies:
      '@emnapi/runtime': 1.7.1
    optional: true

  '@img/sharp-win32-arm64@0.34.5':
    optional: true

  '@img/sharp-win32-ia32@0.34.5':
    optional: true

  '@img/sharp-win32-x64@0.34.5':
    optional: true

  '@mantine/carousel@8.3.10(@mantine/core@8.3.10(@mantine/hooks@8.3.10(react@19.2.3))(@types/react@19.2.7)(react-dom@19.2.3(react@19.2.3))(react@19.2.3))(@mantine/hooks@8.3.10(react@19.2.3))(embla-carousel-react@8.6.0(react@19.2.3))(embla-carousel@8.6.0)(react-dom@19.2.3(react@19.2.3))(react@19.2.3)':
    dependencies:
      '@mantine/core': 8.3.10(@mantine/hooks@8.3.10(react@19.2.3))(@types/react@19.2.7)(react-dom@19.2.3(react@19.2.3))(react@19.2.3)
      '@mantine/hooks': 8.3.10(react@19.2.3)
      embla-carousel: 8.6.0
      embla-carousel-react: 8.6.0(react@19.2.3)
      react: 19.2.3
      react-dom: 19.2.3(react@19.2.3)

  '@mantine/core@8.3.10(@mantine/hooks@8.3.10(react@19.2.3))(@types/react@19.2.7)(react-dom@19.2.3(react@19.2.3))(react@19.2.3)':
    dependencies:
      '@floating-ui/react': 0.27.16(react-dom@19.2.3(react@19.2.3))(react@19.2.3)
      '@mantine/hooks': 8.3.10(react@19.2.3)
      clsx: 2.1.1
      react: 19.2.3
      react-dom: 19.2.3(react@19.2.3)
      react-number-format: 5.4.4(react-dom@19.2.3(react@19.2.3))(react@19.2.3)
      react-remove-scroll: 2.7.2(@types/react@19.2.7)(react@19.2.3)
      react-textarea-autosize: 8.5.9(@types/react@19.2.7)(react@19.2.3)
      type-fest: 4.41.0
    transitivePeerDependencies:
      - '@types/react'

  '@mantine/hooks@8.3.10(react@19.2.3)':
    dependencies:
      react: 19.2.3

  '@next/env@16.0.10': {}

  '@next/swc-darwin-arm64@16.0.10':
    optional: true

  '@next/swc-darwin-x64@16.0.10':
    optional: true

  '@next/swc-linux-arm64-gnu@16.0.10':
    optional: true

  '@next/swc-linux-arm64-musl@16.0.10':
    optional: true

  '@next/swc-linux-x64-gnu@16.0.10':
    optional: true

  '@next/swc-linux-x64-musl@16.0.10':
    optional: true

  '@next/swc-win32-arm64-msvc@16.0.10':
    optional: true

  '@next/swc-win32-x64-msvc@16.0.10':
    optional: true

  '@swc/helpers@0.5.15':
    dependencies:
      tslib: 2.8.1

  '@tabler/icons-react@3.35.0(react@19.2.3)':
    dependencies:
      '@tabler/icons': 3.35.0
      react: 19.2.3

  '@tabler/icons@3.35.0': {}

  '@tanstack/query-core@5.90.12': {}

  '@tanstack/react-query@5.90.12(react@19.2.3)':
    dependencies:
      '@tanstack/query-core': 5.90.12
      react: 19.2.3

  '@types/node@25.0.1':
    dependencies:
      undici-types: 7.16.0

  '@types/react-dom@19.2.3(@types/react@19.2.7)':
    dependencies:
      '@types/react': 19.2.7

  '@types/react@19.2.7':
    dependencies:
      csstype: 3.2.3

  camelcase-css@2.0.1: {}

  caniuse-lite@1.0.30001760: {}

  client-only@0.0.1: {}

  clsx@2.1.1: {}

  cssesc@3.0.0: {}

  csstype@3.2.3: {}

  detect-libc@2.1.2:
    optional: true

  detect-node-es@1.1.0: {}

  embla-carousel-react@8.6.0(react@19.2.3):
    dependencies:
      embla-carousel: 8.6.0
      embla-carousel-reactive-utils: 8.6.0(embla-carousel@8.6.0)
      react: 19.2.3

  embla-carousel-reactive-utils@8.6.0(embla-carousel@8.6.0):
    dependencies:
      embla-carousel: 8.6.0

  embla-carousel@8.6.0: {}

  fdir@6.5.0(picomatch@4.0.3):
    optionalDependencies:
      picomatch: 4.0.3

  get-nonce@1.0.1: {}

  nanoid@3.3.11: {}

  next@16.0.10(react-dom@19.2.3(react@19.2.3))(react@19.2.3):
    dependencies:
      '@next/env': 16.0.10
      '@swc/helpers': 0.5.15
      caniuse-lite: 1.0.30001760
      postcss: 8.4.31
      react: 19.2.3
      react-dom: 19.2.3(react@19.2.3)
      styled-jsx: 5.1.6(react@19.2.3)
    optionalDependencies:
      '@next/swc-darwin-arm64': 16.0.10
      '@next/swc-darwin-x64': 16.0.10
      '@next/swc-linux-arm64-gnu': 16.0.10
      '@next/swc-linux-arm64-musl': 16.0.10
      '@next/swc-linux-x64-gnu': 16.0.10
      '@next/swc-linux-x64-musl': 16.0.10
      '@next/swc-win32-arm64-msvc': 16.0.10
      '@next/swc-win32-x64-msvc': 16.0.10
      sharp: 0.34.5
    transitivePeerDependencies:
      - '@babel/core'
      - babel-plugin-macros

  picocolors@1.1.1: {}

  picomatch@4.0.3: {}

  postcss-js@4.1.0(postcss@8.5.6):
    dependencies:
      camelcase-css: 2.0.1
      postcss: 8.5.6

  postcss-mixins@12.1.2(postcss@8.5.6):
    dependencies:
      postcss: 8.5.6
      postcss-js: 4.1.0(postcss@8.5.6)
      postcss-simple-vars: 7.0.1(postcss@8.5.6)
      sugarss: 5.0.1(postcss@8.5.6)
      tinyglobby: 0.2.15

  postcss-nested@7.0.2(postcss@8.5.6):
    dependencies:
      postcss: 8.5.6
      postcss-selector-parser: 7.1.1

  postcss-preset-mantine@1.18.0(postcss@8.5.6):
    dependencies:
      postcss: 8.5.6
      postcss-mixins: 12.1.2(postcss@8.5.6)
      postcss-nested: 7.0.2(postcss@8.5.6)

  postcss-selector-parser@7.1.1:
    dependencies:
      cssesc: 3.0.0
      util-deprecate: 1.0.2

  postcss-simple-vars@7.0.1(postcss@8.5.6):
    dependencies:
      postcss: 8.5.6

  postcss@8.4.31:
    dependencies:
      nanoid: 3.3.11
      picocolors: 1.1.1
      source-map-js: 1.2.1

  postcss@8.5.6:
    dependencies:
      nanoid: 3.3.11
      picocolors: 1.1.1
      source-map-js: 1.2.1

  react-dom@19.2.3(react@19.2.3):
    dependencies:
      react: 19.2.3
      scheduler: 0.27.0

  react-number-format@5.4.4(react-dom@19.2.3(react@19.2.3))(react@19.2.3):
    dependencies:
      react: 19.2.3
      react-dom: 19.2.3(react@19.2.3)

  react-remove-scroll-bar@2.3.8(@types/react@19.2.7)(react@19.2.3):
    dependencies:
      react: 19.2.3
      react-style-singleton: 2.2.3(@types/react@19.2.7)(react@19.2.3)
      tslib: 2.8.1
    optionalDependencies:
      '@types/react': 19.2.7

  react-remove-scroll@2.7.2(@types/react@19.2.7)(react@19.2.3):
    dependencies:
      react: 19.2.3
      react-remove-scroll-bar: 2.3.8(@types/react@19.2.7)(react@19.2.3)
      react-style-singleton: 2.2.3(@types/react@19.2.7)(react@19.2.3)
      tslib: 2.8.1
      use-callback-ref: 1.3.3(@types/react@19.2.7)(react@19.2.3)
      use-sidecar: 1.1.3(@types/react@19.2.7)(react@19.2.3)
    optionalDependencies:
      '@types/react': 19.2.7

  react-style-singleton@2.2.3(@types/react@19.2.7)(react@19.2.3):
    dependencies:
      get-nonce: 1.0.1
      react: 19.2.3
      tslib: 2.8.1
    optionalDependencies:
      '@types/react': 19.2.7

  react-textarea-autosize@8.5.9(@types/react@19.2.7)(react@19.2.3):
    dependencies:
      '@babel/runtime': 7.28.4
      react: 19.2.3
      use-composed-ref: 1.4.0(@types/react@19.2.7)(react@19.2.3)
      use-latest: 1.3.0(@types/react@19.2.7)(react@19.2.3)
    transitivePeerDependencies:
      - '@types/react'

  react@19.2.3: {}

  scheduler@0.27.0: {}

  semver@7.7.3:
    optional: true

  sharp@0.34.5:
    dependencies:
      '@img/colour': 1.0.0
      detect-libc: 2.1.2
      semver: 7.7.3
    optionalDependencies:
      '@img/sharp-darwin-arm64': 0.34.5
      '@img/sharp-darwin-x64': 0.34.5
      '@img/sharp-libvips-darwin-arm64': 1.2.4
      '@img/sharp-libvips-darwin-x64': 1.2.4
      '@img/sharp-libvips-linux-arm': 1.2.4
      '@img/sharp-libvips-linux-arm64': 1.2.4
      '@img/sharp-libvips-linux-ppc64': 1.2.4
      '@img/sharp-libvips-linux-riscv64': 1.2.4
      '@img/sharp-libvips-linux-s390x': 1.2.4
      '@img/sharp-libvips-linux-x64': 1.2.4
      '@img/sharp-libvips-linuxmusl-arm64': 1.2.4
      '@img/sharp-libvips-linuxmusl-x64': 1.2.4
      '@img/sharp-linux-arm': 0.34.5
      '@img/sharp-linux-arm64': 0.34.5
      '@img/sharp-linux-ppc64': 0.34.5
      '@img/sharp-linux-riscv64': 0.34.5
      '@img/sharp-linux-s390x': 0.34.5
      '@img/sharp-linux-x64': 0.34.5
      '@img/sharp-linuxmusl-arm64': 0.34.5
      '@img/sharp-linuxmusl-x64': 0.34.5
      '@img/sharp-wasm32': 0.34.5
      '@img/sharp-win32-arm64': 0.34.5
      '@img/sharp-win32-ia32': 0.34.5
      '@img/sharp-win32-x64': 0.34.5
    optional: true

  source-map-js@1.2.1: {}

  styled-jsx@5.1.6(react@19.2.3):
    dependencies:
      client-only: 0.0.1
      react: 19.2.3

  sugarss@5.0.1(postcss@8.5.6):
    dependencies:
      postcss: 8.5.6

  tabbable@6.3.0: {}

  tailwindcss@4.1.18: {}

  tinyglobby@0.2.15:
    dependencies:
      fdir: 6.5.0(picomatch@4.0.3)
      picomatch: 4.0.3

  tslib@2.8.1: {}

  type-fest@4.41.0: {}

  typescript@5.9.3: {}

  undici-types@7.16.0: {}

  use-callback-ref@1.3.3(@types/react@19.2.7)(react@19.2.3):
    dependencies:
      react: 19.2.3
      tslib: 2.8.1
    optionalDependencies:
      '@types/react': 19.2.7

  use-composed-ref@1.4.0(@types/react@19.2.7)(react@19.2.3):
    dependencies:
      react: 19.2.3
    optionalDependencies:
      '@types/react': 19.2.7

  use-isomorphic-layout-effect@1.2.1(@types/react@19.2.7)(react@19.2.3):
    dependencies:
      react: 19.2.3
    optionalDependencies:
      '@types/react': 19.2.7

  use-latest@1.3.0(@types/react@19.2.7)(react@19.2.3):
    dependencies:
      react: 19.2.3
      use-isomorphic-layout-effect: 1.2.1(@types/react@19.2.7)(react@19.2.3)
    optionalDependencies:
      '@types/react': 19.2.7

  use-sidecar@1.1.3(@types/react@19.2.7)(react@19.2.3):
    dependencies:
      detect-node-es: 1.1.0
      react: 19.2.3
      tslib: 2.8.1
    optionalDependencies:
      '@types/react': 19.2.7

  util-deprecate@1.0.2: {}
